
Microsoft Visual Studio Solution File, Format Version 12.00
# Visual Studio Version 17
VisualStudioVersion = 17.2.32630.192
MinimumVisualStudioVersion = 10.0.40219.1
Project("{FAE04EC0-301F-11D3-BF4B-00C04F79EFBC}") = "SubnauticaKnifeModTutorial", "SubnauticaKnifeModTutorial\SubnauticaKnifeModTutorial.csproj", "{939A2470-44BF-4D9A-899A-B96E119979CF}"
EndProject
Global
	GlobalSection(SolutionConfigurationPlatforms) = preSolution
		Debug|Any CPU = Debug|Any CPU
		Release|Any CPU = Release|Any CPU
	EndGlobalSection
	GlobalSection(ProjectConfigurationPlatforms) = postSolution
		{939A2470-44BF-4D9A-899A-B96E119979CF}.Debug|Any CPU.ActiveCfg = Debug|Any CPU
		{939A2470-44BF-4D9A-899A-B96E119979CF}.Debug|Any CPU.Build.0 = Debug|Any CPU
		{939A2470-44BF-4D9A-899A-B96E119979CF}.Release|Any CPU.ActiveCfg = Release|Any CPU
		{939A2470-44BF-4D9A-899A-B96E119979CF}.Release|Any CPU.Build.0 = Release|Any CPU
	EndGlobalSection
	GlobalSection(SolutionProperties) = preSolution
		HideSolutionNode = FALSE
	EndGlobalSection
	GlobalSection(ExtensibilityGlobals) = postSolution
		SolutionGuid = {C0E01068-69C3-42D2-BE01-CF1180503D02}
	EndGlobalSection
EndGlobal
